
Microsoft Visual Studio Solution File, Format Version 12.00
# Visual Studio Version 16
VisualStudioVersion = 16.0.32802.440
MinimumVisualStudioVersion = 10.0.40219.1
Project("{8BC9CEB8-8B4A-11D0-8D11-00A0C91BC942}") = "GameEngineLibrary", "GameEngineLibrary\GameEngineLibrary.vcxproj", "{120DEDED-45D2-4849-91C4-449C06D147E3}"
EndProject
Project("{8BC9CEB8-8B4A-11D0-8D11-00A0C91BC942}") = "GameTemplate", "GameTemplate\GameTemplate.vcxproj", "{916A5CA6-4184-417C-96BB-339B42559373}"
	ProjectSection(ProjectDependencies) = postProject
		{120DEDED-45D2-4849-91C4-449C06D147E3} = {120DEDED-45D2-4849-91C4-449C06D147E3}
	EndProjectSection
EndProject
Global
	GlobalSection(SolutionConfigurationPlatforms) = preSolution
		Debug|x64 = Debug|x64
		Debug|x86 = Debug|x86
		Release|x64 = Release|x64
		Release|x86 = Release|x86
	EndGlobalSection
	GlobalSection(ProjectConfigurationPlatforms) = postSolution
		{120DEDED-45D2-4849-91C4-449C06D147E3}.Debug|x64.ActiveCfg = Debug|x64
		{120DEDED-45D2-4849-91C4-449C06D147E3}.Debug|x64.Build.0 = Debug|x64
		{120DEDED-45D2-4849-91C4-449C06D147E3}.Debug|x86.ActiveCfg = Debug|Win32
		{120DEDED-45D2-4849-91C4-449C06D147E3}.Debug|x86.Build.0 = Debug|Win32
		{120DEDED-45D2-4849-91C4-449C06D147E3}.Release|x64.ActiveCfg = Release|x64
		{120DEDED-45D2-4849-91C4-449C06D147E3}.Release|x64.Build.0 = Release|x64
		{120DEDED-45D2-4849-91C4-449C06D147E3}.Release|x86.ActiveCfg = Release|Win32
		{120DEDED-45D2-4849-91C4-449C06D147E3}.Release|x86.Build.0 = Release|Win32
		{916A5CA6-4184-417C-96BB-339B42559373}.Debug|x64.ActiveCfg = Debug|x64
		{916A5CA6-4184-417C-96BB-339B42559373}.Debug|x64.Build.0 = Debug|x64
		{916A5CA6-4184-417C-96BB-339B42559373}.Debug|x86.ActiveCfg = Debug|Win32
		{916A5CA6-4184-417C-96BB-339B42559373}.Debug|x86.Build.0 = Debug|Win32
		{916A5CA6-4184-417C-96BB-339B42559373}.Release|x64.ActiveCfg = Release|x64
		{916A5CA6-4184-417C-96BB-339B42559373}.Release|x64.Build.0 = Release|x64
		{916A5CA6-4184-417C-96BB-339B42559373}.Release|x86.ActiveCfg = Release|Win32
		{916A5CA6-4184-417C-96BB-339B42559373}.Release|x86.Build.0 = Release|Win32
	EndGlobalSection
	GlobalSection(SolutionProperties) = preSolution
		HideSolutionNode = FALSE
	EndGlobalSection
	GlobalSection(ExtensibilityGlobals) = postSolution
		SolutionGuid = {A694EDA0-762E-41E1-AE6D-304F2CCEB0DC}
	EndGlobalSection
EndGlobal
